
Microsoft Visual Studio Solution File, Format Version 12.00
# Visual Studio 2013
VisualStudioVersion = 12.0.21005.1
MinimumVisualStudioVersion = 10.0.40219.1
Project("{FAE04EC0-301F-11D3-BF4B-00C04F79EFBC}") = "MalaGroupERP", "MalaGroupERP\MalaGroupERP.csproj", "{A6B8C4B5-7BC4-4627-8BF0-6264B6F7A620}"
EndProject
Project("{FAE04EC0-301F-11D3-BF4B-00C04F79EFBC}") = "MalaGroupERP.Tests", "MalaGroupERP.Tests\MalaGroupERP.Tests.csproj", "{71ABE190-4BFF-4EA4-80F8-616E81E04399}"
EndProject
Project("{FAE04EC0-301F-11D3-BF4B-00C04F79EFBC}") = "MalaGroupERP.Data", "MalaGroupERP.Data\MalaGroupERP.Data.csproj", "{DF8C00E0-2632-4378-9057-F89E272F67ED}"
EndProject
Global
	GlobalSection(SolutionConfigurationPlatforms) = preSolution
		Debug|Any CPU = Debug|Any CPU
		Release|Any CPU = Release|Any CPU
	EndGlobalSection
	GlobalSection(ProjectConfigurationPlatforms) = postSolution
		{A6B8C4B5-7BC4-4627-8BF0-6264B6F7A620}.Debug|Any CPU.ActiveCfg = Debug|Any CPU
		{A6B8C4B5-7BC4-4627-8BF0-6264B6F7A620}.Debug|Any CPU.Build.0 = Debug|Any CPU
		{A6B8C4B5-7BC4-4627-8BF0-6264B6F7A620}.Release|Any CPU.ActiveCfg = Release|Any CPU
		{A6B8C4B5-7BC4-4627-8BF0-6264B6F7A620}.Release|Any CPU.Build.0 = Release|Any CPU
		{71ABE190-4BFF-4EA4-80F8-616E81E04399}.Debug|Any CPU.ActiveCfg = Debug|Any CPU
		{71ABE190-4BFF-4EA4-80F8-616E81E04399}.Debug|Any CPU.Build.0 = Debug|Any CPU
		{71ABE190-4BFF-4EA4-80F8-616E81E04399}.Release|Any CPU.ActiveCfg = Release|Any CPU
		{71ABE190-4BFF-4EA4-80F8-616E81E04399}.Release|Any CPU.Build.0 = Release|Any CPU
		{DF8C00E0-2632-4378-9057-F89E272F67ED}.Debug|Any CPU.ActiveCfg = Debug|Any CPU
		{DF8C00E0-2632-4378-9057-F89E272F67ED}.Debug|Any CPU.Build.0 = Debug|Any CPU
		{DF8C00E0-2632-4378-9057-F89E272F67ED}.Release|Any CPU.ActiveCfg = Release|Any CPU
		{DF8C00E0-2632-4378-9057-F89E272F67ED}.Release|Any CPU.Build.0 = Release|Any CPU
	EndGlobalSection
	GlobalSection(SolutionProperties) = preSolution
		HideSolutionNode = FALSE
	EndGlobalSection
EndGlobal
